<?xml version="1.0" encoding="utf-8"?>
<Project ToolsVersion="4.0" xmlns="http://schemas.microsoft.com/developer/msbuild/2003">
  <ItemGroup>
    <Filter Include="Common">
      <UniqueIdentifier>e567042e-f9db-44b7-90c6-2dcf19dbbb69</UniqueIdentifier>
    </Filter>
    <Filter Include="Assets">
      <UniqueIdentifier>f6c60124-ae4e-4f63-bcaf-7e55733ddaa8</UniqueIdentifier>
      <Extensions>ico;cur;bmp;dds;dlg;fbx;rct;bin;rgs;gif;jpg;jpeg;jpe;resx;tga;tiff;tif;png;wav;mfcribbon-ms</Extensions>
    </Filter>
    <Filter Include="BaseObjects">
      <UniqueIdentifier>{2c13066b-f9f8-4632-acd7-af659bacc3ac}</UniqueIdentifier>
    </Filter>
    <Filter Include="Shaders">
      <UniqueIdentifier>{97322eda-02d1-41a5-ab12-3cac0ec7ecb7}</UniqueIdentifier>
    </Filter>
    <Filter Include="Utilities">
      <UniqueIdentifier>{3f7ba960-43c6-4ea0-b641-f605d1fac276}</UniqueIdentifier>
    </Filter>
    <Filter Include="Meshes">
      <UniqueIdentifier>{6100dcaa-c920-46ea-aeed-2daa229b3ede}</UniqueIdentifier>
    </Filter>
  </ItemGroup>
  <ItemGroup>
    <ClInclude Include="pch.h" />
    <ClInclude Include="Game.h" />
    <ClInclude Include="StepTimer.h">
      <Filter>Common</Filter>
    </ClInclude>
    <ClInclude Include="DeviceResources.h">
      <Filter>Common</Filter>
    </ClInclude>
    <ClInclude Include="SimpleVertex.h">
      <Filter>BaseObjects</Filter>
    </ClInclude>
    <ClInclude Include="ConstantBuffer.h">
      <Filter>BaseObjects</Filter>
    </ClInclude>
    <ClInclude Include="ConstantBufferChangesEveryPrimitive.h">
      <Filter>BaseObjects</Filter>
    </ClInclude>
    <ClInclude Include="ConstantBufferChangesEveryFrame.h">
      <Filter>BaseObjects</Filter>
    </ClInclude>
    <ClInclude Include="ConstantBufferChangesOnResize.h">
      <Filter>BaseObjects</Filter>
    </ClInclude>
    <ClInclude Include="BaseMesh.h">
      <Filter>Meshes</Filter>
    </ClInclude>
    <ClInclude Include="CubeMesh.h">
      <Filter>Meshes</Filter>
    </ClInclude>
  </ItemGroup>
  <ItemGroup>
    <ClCompile Include="pch.cpp" />
    <ClCompile Include="Game.cpp" />
    <ClCompile Include="Main.cpp" />
    <ClCompile Include="DeviceResources.cpp">
      <Filter>Common</Filter>
    </ClCompile>
    <ClCompile Include="BaseMesh.cpp">
      <Filter>Meshes</Filter>
    </ClCompile>
    <ClCompile Include="CubeMesh.cpp">
      <Filter>Meshes</Filter>
    </ClCompile>
  </ItemGroup>
  <ItemGroup>
    <ResourceCompile Include="resource.rc" />
  </ItemGroup>
  <ItemGroup>
    <Image Include="directx.ico">
      <Filter>Assets</Filter>
    </Image>
  </ItemGroup>
  <ItemGroup>
    <Manifest Include="settings.manifest">
      <Filter>Assets</Filter>
    </Manifest>
  </ItemGroup>
  <ItemGroup>
    <FxCompile Include="Shader.fx">
      <Filter>Shaders</Filter>
    </FxCompile>
  </ItemGroup>
</Project>